
Microsoft Visual Studio Solution File, Format Version 12.00
# Visual Studio 14
VisualStudioVersion = 14.0.25420.1
MinimumVisualStudioVersion = 10.0.40219.1
Project("{F184B08F-C81C-45F6-A57F-5ABD9991F28F}") = "ElectroHaroon", "ElectroHaroon\ElectroHaroon.vbproj", "{AF06B6AB-7839-471E-BEE7-36E0285391BC}"
EndProject
Project("{F184B08F-C81C-45F6-A57F-5ABD9991F28F}") = "BaseLibrary", "BaseLibrary\BaseLibrary.vbproj", "{97CD3D97-89FF-4B94-8EE7-A4F861217ED8}"
EndProject
Project("{F184B08F-C81C-45F6-A57F-5ABD9991F28F}") = "ConfigurationLibrary_vb", "ConfigurationLibrary_vb\ConfigurationLibrary_vb.vbproj", "{875B79DA-DC37-4C0F-BF3A-5B445C421D7C}"
EndProject
Project("{54435603-DBB4-11D2-8724-00A0C9A8B90C}") = "HaroonStores", "HaroonStores\HaroonStores.vdproj", "{8B0E093A-9B59-46D4-8A80-D3989932C05F}"
EndProject
Global
	GlobalSection(SolutionConfigurationPlatforms) = preSolution
		Debug|Any CPU = Debug|Any CPU
		Debug|x86 = Debug|x86
		Release|Any CPU = Release|Any CPU
		Release|x86 = Release|x86
	EndGlobalSection
	GlobalSection(ProjectConfigurationPlatforms) = postSolution
		{AF06B6AB-7839-471E-BEE7-36E0285391BC}.Debug|Any CPU.ActiveCfg = Debug|Any CPU
		{AF06B6AB-7839-471E-BEE7-36E0285391BC}.Debug|Any CPU.Build.0 = Debug|Any CPU
		{AF06B6AB-7839-471E-BEE7-36E0285391BC}.Debug|x86.ActiveCfg = Debug|Any CPU
		{AF06B6AB-7839-471E-BEE7-36E0285391BC}.Debug|x86.Build.0 = Debug|Any CPU
		{AF06B6AB-7839-471E-BEE7-36E0285391BC}.Release|Any CPU.ActiveCfg = Release|Any CPU
		{AF06B6AB-7839-471E-BEE7-36E0285391BC}.Release|Any CPU.Build.0 = Release|Any CPU
		{AF06B6AB-7839-471E-BEE7-36E0285391BC}.Release|x86.ActiveCfg = Release|Any CPU
		{AF06B6AB-7839-471E-BEE7-36E0285391BC}.Release|x86.Build.0 = Release|Any CPU
		{97CD3D97-89FF-4B94-8EE7-A4F861217ED8}.Debug|Any CPU.ActiveCfg = Debug|Any CPU
		{97CD3D97-89FF-4B94-8EE7-A4F861217ED8}.Debug|Any CPU.Build.0 = Debug|Any CPU
		{97CD3D97-89FF-4B94-8EE7-A4F861217ED8}.Debug|x86.ActiveCfg = Debug|x86
		{97CD3D97-89FF-4B94-8EE7-A4F861217ED8}.Debug|x86.Build.0 = Debug|x86
		{97CD3D97-89FF-4B94-8EE7-A4F861217ED8}.Release|Any CPU.ActiveCfg = Release|Any CPU
		{97CD3D97-89FF-4B94-8EE7-A4F861217ED8}.Release|Any CPU.Build.0 = Release|Any CPU
		{97CD3D97-89FF-4B94-8EE7-A4F861217ED8}.Release|x86.ActiveCfg = Release|x86
		{97CD3D97-89FF-4B94-8EE7-A4F861217ED8}.Release|x86.Build.0 = Release|x86
		{875B79DA-DC37-4C0F-BF3A-5B445C421D7C}.Debug|Any CPU.ActiveCfg = Debug|Any CPU
		{875B79DA-DC37-4C0F-BF3A-5B445C421D7C}.Debug|Any CPU.Build.0 = Debug|Any CPU
		{875B79DA-DC37-4C0F-BF3A-5B445C421D7C}.Debug|x86.ActiveCfg = Debug|x86
		{875B79DA-DC37-4C0F-BF3A-5B445C421D7C}.Debug|x86.Build.0 = Debug|x86
		{875B79DA-DC37-4C0F-BF3A-5B445C421D7C}.Release|Any CPU.ActiveCfg = Release|Any CPU
		{875B79DA-DC37-4C0F-BF3A-5B445C421D7C}.Release|Any CPU.Build.0 = Release|Any CPU
		{875B79DA-DC37-4C0F-BF3A-5B445C421D7C}.Release|x86.ActiveCfg = Release|x86
		{875B79DA-DC37-4C0F-BF3A-5B445C421D7C}.Release|x86.Build.0 = Release|x86
		{8B0E093A-9B59-46D4-8A80-D3989932C05F}.Debug|Any CPU.ActiveCfg = Debug
		{8B0E093A-9B59-46D4-8A80-D3989932C05F}.Debug|x86.ActiveCfg = Debug
		{8B0E093A-9B59-46D4-8A80-D3989932C05F}.Release|Any CPU.ActiveCfg = Release
		{8B0E093A-9B59-46D4-8A80-D3989932C05F}.Release|x86.ActiveCfg = Release
	EndGlobalSection
	GlobalSection(SolutionProperties) = preSolution
		HideSolutionNode = FALSE
	EndGlobalSection
EndGlobal
